{
  "object": {
    "pins": [
      {
        "package": "Just",
        "repositoryURL": "https://github.com/tylermilner/Just.git",
        "state": {
          "branch": "master",
          "revision": "9c13bd2cc7c4cc09719a7246847a9459cb45aaf2",
          "version": null
        }
      }
    ]
  },
  "version": 1
}
